{
  "name": "params-as-searchparams",
  "version": "0.1.0",
  "lockfileVersion": 2,
  "requires": true,
  "packages": {
    "": {
      "name": "params-as-searchparams",
      "version": "0.1.0",
      "dependencies": {
        "@types/node": "18.11.9",
        "@types/react": "18.0.25",
        "@types/react-dom": "18.0.9",
        "next": "13.2.5-canary.31",
        "react": "18.2.0",
        "react-dom": "18.2.0",
        "typescript": "4.9.3"
      }
    },
    "node_modules/@next/env": {
      "version": "13.2.5-canary.31",
      "resolved": "https://registry.npmjs.org/@next/env/-/env-13.2.5-canary.31.tgz",
      "integrity": "sha512-FTKdKMhv7iDOguMY0Dn7SlzmvQTEQBKfKNLoiy5EttIlEGl4Of0U9E07NMkCsYaTFuy/IrVhfO8dgaj0mhtfjw=="
    },
    "node_modules/@next/swc-darwin-arm64": {
      "version": "13.2.5-canary.31",
      "resolved": "https://registry.npmjs.org/@next/swc-darwin-arm64/-/swc-darwin-arm64-13.2.5-canary.31.tgz",
      "integrity": "sha512-2o8eI85+bVevT/LrDB2iyzFss4bqtvRb0wCFVPkubgUxK4A1dr7KuQiuCRhh9NvgZ6gBrn1j7U/a2kDFATbZBg==",
      "cpu": [
        "arm64"
      ],
      "optional": true,
      "os": [
        "darwin"
      ],
      "engines": {
        "node": ">= 10"
      }
    },
    "node_modules/@next/swc-darwin-x64": {
      "version": "13.2.5-canary.31",
      "resolved": "https://registry.npmjs.org/@next/swc-darwin-x64/-/swc-darwin-x64-13.2.5-canary.31.tgz",
      "integrity": "sha512-6VwRAHos8AyEv0iefP7EhN58+fdxy3VV+fnBo+2jp77wcIrhnzbI7FW3SxgbahlcpoI3koArF896TiPaQl5xJQ==",
      "cpu": [
        "x64"
      ],
      "optional": true,
      "os": [
        "darwin"
      ],
      "engines": {
        "node": ">= 10"
      }
    },
    "node_modules/@next/swc-linux-arm64-gnu": {
      "version": "13.2.5-canary.31",
      "resolved": "https://registry.npmjs.org/@next/swc-linux-arm64-gnu/-/swc-linux-arm64-gnu-13.2.5-canary.31.tgz",
      "integrity": "sha512-3JaXh+atqqQRruoCEsO+KgQN8dHon3d82fH0XAjgmOLsHGuvknXCfQqt4zKPY8tjEdXktEqYUotBp21zX2tI6w==",
      "cpu": [
        "arm64"
      ],
      "optional": true,
      "os": [
        "linux"
      ],
      "engines": {
        "node": ">= 10"
      }
    },
    "node_modules/@next/swc-linux-arm64-musl": {
      "version": "13.2.5-canary.31",
      "resolved": "https://registry.npmjs.org/@next/swc-linux-arm64-musl/-/swc-linux-arm64-musl-13.2.5-canary.31.tgz",
      "integrity": "sha512-Y0jUz7qfzQrInFS87UYATwdYs6/icAv/YjtBkcp7aQextpRabvJOl4Nnqgudl4lKKjpMdfxVQmg3kPhau7WRDA==",
      "cpu": [
        "arm64"
      ],
      "optional": true,
      "os": [
        "linux"
      ],
      "engines": {
        "node": ">= 10"
      }
    },
    "node_modules/@next/swc-linux-x64-gnu": {
      "version": "13.2.5-canary.31",
      "resolved": "https://registry.npmjs.org/@next/swc-linux-x64-gnu/-/swc-linux-x64-gnu-13.2.5-canary.31.tgz",
      "integrity": "sha512-j3yKibMJsGoVrYnhUe11MvF55UaPLWdQAPpWyAIeTcWXOkE6id2X93aPYdqYISj/H7saXHeh05GygVWPtEXBZQ==",
      "cpu": [
        "x64"
      ],
      "optional": true,
      "os": [
        "linux"
      ],
      "engines": {
        "node": ">= 10"
      }
    },
    "node_modules/@next/swc-linux-x64-musl": {
      "version": "13.2.5-canary.31",
      "resolved": "https://registry.npmjs.org/@next/swc-linux-x64-musl/-/swc-linux-x64-musl-13.2.5-canary.31.tgz",
      "integrity": "sha512-ni4LbL2+KVB3zNSejZgQn733XmSiGfAtg1sb8sFc4hsrNnUg8CgQKA6IBAIFK2gQELZbTwOWYC9fR5zGAvX2XA==",
      "cpu": [
        "x64"
      ],
      "optional": true,
      "os": [
        "linux"
      ],
      "engines": {
        "node": ">= 10"
      }
    },
    "node_modules/@next/swc-win32-arm64-msvc": {
      "version": "13.2.5-canary.31",
      "resolved": "https://registry.npmjs.org/@next/swc-win32-arm64-msvc/-/swc-win32-arm64-msvc-13.2.5-canary.31.tgz",
      "integrity": "sha512-lsXjVnJ8g0v0WvEAmH3osEq9HxcA/7Ks6SrkGb2q56KYPsy16IKn10kVWwPQ4vKsVPfcosBwARzuC/lb+ojCWw==",
      "cpu": [
        "arm64"
      ],
      "optional": true,
      "os": [
        "win32"
      ],
      "engines": {
        "node": ">= 10"
      }
    },
    "node_modules/@next/swc-win32-ia32-msvc": {
      "version": "13.2.5-canary.31",
      "resolved": "https://registry.npmjs.org/@next/swc-win32-ia32-msvc/-/swc-win32-ia32-msvc-13.2.5-canary.31.tgz",
      "integrity": "sha512-Ysy15Km5qpKaLYeyxSf5zcFvQ+tKl28u8u3xiWrMSSzziOgx8dzV+8loULb2SnbTI/sovwpAGdh3no3Xonw21w==",
      "cpu": [
        "ia32"
      ],
      "optional": true,
      "os": [
        "win32"
      ],
      "engines": {
        "node": ">= 10"
      }
    },
    "node_modules/@next/swc-win32-x64-msvc": {
      "version": "13.2.5-canary.31",
      "resolved": "https://registry.npmjs.org/@next/swc-win32-x64-msvc/-/swc-win32-x64-msvc-13.2.5-canary.31.tgz",
      "integrity": "sha512-D0me8Mwf1NxTWVD8qD6KaqoG8itbGTI2FApkektA/8clMySGAFZBhDbZtY/2PbG8bKY1i3ZLkCIAF3iAHAYRtw==",
      "cpu": [
        "x64"
      ],
      "optional": true,
      "os": [
        "win32"
      ],
      "engines": {
        "node": ">= 10"
      }
    },
    "node_modules/@swc/helpers": {
      "version": "0.4.14",
      "resolved": "https://registry.npmjs.org/@swc/helpers/-/helpers-0.4.14.tgz",
      "integrity": "sha512-4C7nX/dvpzB7za4Ql9K81xK3HPxCpHMgwTZVyf+9JQ6VUbn9jjZVN7/Nkdz/Ugzs2CSjqnL/UPXroiVBVHUWUw==",
      "dependencies": {
        "tslib": "^2.4.0"
      }
    },
    "node_modules/@types/node": {
      "version": "18.11.9",
      "resolved": "https://registry.npmjs.org/@types/node/-/node-18.11.9.tgz",
      "integrity": "sha512-CRpX21/kGdzjOpFsZSkcrXMGIBWMGNIHXXBVFSH+ggkftxg+XYP20TESbh+zFvFj3EQOl5byk0HTRn1IL6hbqg=="
    },
    "node_modules/@types/prop-types": {
      "version": "15.7.5",
      "resolved": "https://registry.npmjs.org/@types/prop-types/-/prop-types-15.7.5.tgz",
      "integrity": "sha512-JCB8C6SnDoQf0cNycqd/35A7MjcnK+ZTqE7judS6o7utxUCg6imJg3QK2qzHKszlTjcj2cn+NwMB2i96ubpj7w=="
    },
    "node_modules/@types/react": {
      "version": "18.0.25",
      "resolved": "https://registry.npmjs.org/@types/react/-/react-18.0.25.tgz",
      "integrity": "sha512-xD6c0KDT4m7n9uD4ZHi02lzskaiqcBxf4zi+tXZY98a04wvc0hi/TcCPC2FOESZi51Nd7tlUeOJY8RofL799/g==",
      "dependencies": {
        "@types/prop-types": "*",
        "@types/scheduler": "*",
        "csstype": "^3.0.2"
      }
    },
    "node_modules/@types/react-dom": {
      "version": "18.0.9",
      "resolved": "https://registry.npmjs.org/@types/react-dom/-/react-dom-18.0.9.tgz",
      "integrity": "sha512-qnVvHxASt/H7i+XG1U1xMiY5t+IHcPGUK7TDMDzom08xa7e86eCeKOiLZezwCKVxJn6NEiiy2ekgX8aQssjIKg==",
      "dependencies": {
        "@types/react": "*"
      }
    },
    "node_modules/@types/scheduler": {
      "version": "0.16.2",
      "resolved": "https://registry.npmjs.org/@types/scheduler/-/scheduler-0.16.2.tgz",
      "integrity": "sha512-hppQEBDmlwhFAXKJX2KnWLYu5yMfi91yazPb2l+lbJiwW+wdo1gNeRA+3RgNSO39WYX2euey41KEwnqesU2Jew=="
    },
    "node_modules/busboy": {
      "version": "1.6.0",
      "resolved": "https://registry.npmjs.org/busboy/-/busboy-1.6.0.tgz",
      "integrity": "sha512-8SFQbg/0hQ9xy3UNTB0YEnsNBbWfhf7RtnzpL7TkBiTBRfrQ9Fxcnz7VJsleJpyp6rVLvXiuORqjlHi5q+PYuA==",
      "dependencies": {
        "streamsearch": "^1.1.0"
      },
      "engines": {
        "node": ">=10.16.0"
      }
    },
    "node_modules/caniuse-lite": {
      "version": "1.0.30001431",
      "resolved": "https://registry.npmjs.org/caniuse-lite/-/caniuse-lite-1.0.30001431.tgz",
      "integrity": "sha512-zBUoFU0ZcxpvSt9IU66dXVT/3ctO1cy4y9cscs1szkPlcWb6pasYM144GqrUygUbT+k7cmUCW61cvskjcv0enQ==",
      "funding": [
        {
          "type": "opencollective",
          "url": "https://opencollective.com/browserslist"
        },
        {
          "type": "tidelift",
          "url": "https://tidelift.com/funding/github/npm/caniuse-lite"
        }
      ]
    },
    "node_modules/client-only": {
      "version": "0.0.1",
      "resolved": "https://registry.npmjs.org/client-only/-/client-only-0.0.1.tgz",
      "integrity": "sha512-IV3Ou0jSMzZrd3pZ48nLkT9DA7Ag1pnPzaiQhpW7c3RbcqqzvzzVu+L8gfqMp/8IM2MQtSiqaCxrrcfu8I8rMA=="
    },
    "node_modules/csstype": {
      "version": "3.1.1",
      "resolved": "https://registry.npmjs.org/csstype/-/csstype-3.1.1.tgz",
      "integrity": "sha512-DJR/VvkAvSZW9bTouZue2sSxDwdTN92uHjqeKVm+0dAqdfNykRzQ95tay8aXMBAAPpUiq4Qcug2L7neoRh2Egw=="
    },
    "node_modules/js-tokens": {
      "version": "4.0.0",
      "resolved": "https://registry.npmjs.org/js-tokens/-/js-tokens-4.0.0.tgz",
      "integrity": "sha512-RdJUflcE3cUzKiMqQgsCu06FPu9UdIJO0beYbPhHN4k6apgJtifcoCtT9bcxOpYBtpD2kCM6Sbzg4CausW/PKQ=="
    },
    "node_modules/loose-envify": {
      "version": "1.4.0",
      "resolved": "https://registry.npmjs.org/loose-envify/-/loose-envify-1.4.0.tgz",
      "integrity": "sha512-lyuxPGr/Wfhrlem2CL/UcnUc1zcqKAImBDzukY7Y5F/yQiNdko6+fRLevlw1HgMySw7f611UIY408EtxRSoK3Q==",
      "dependencies": {
        "js-tokens": "^3.0.0 || ^4.0.0"
      },
      "bin": {
        "loose-envify": "cli.js"
      }
    },
    "node_modules/nanoid": {
      "version": "3.3.4",
      "resolved": "https://registry.npmjs.org/nanoid/-/nanoid-3.3.4.tgz",
      "integrity": "sha512-MqBkQh/OHTS2egovRtLk45wEyNXwF+cokD+1YPf9u5VfJiRdAiRwB2froX5Co9Rh20xs4siNPm8naNotSD6RBw==",
      "bin": {
        "nanoid": "bin/nanoid.cjs"
      },
      "engines": {
        "node": "^10 || ^12 || ^13.7 || ^14 || >=15.0.1"
      }
    },
    "node_modules/next": {
      "version": "13.2.5-canary.31",
      "resolved": "https://registry.npmjs.org/next/-/next-13.2.5-canary.31.tgz",
      "integrity": "sha512-tXrhxBP9a+qd5PlpoBcl7nm+Zg8ahGcA/GhjK4N4ZBqoeOry9/4CvXeoZhTaXyK0KaMJcyuYg11bGRVNVbzFrA==",
      "dependencies": {
        "@next/env": "13.2.5-canary.31",
        "@swc/helpers": "0.4.14",
        "busboy": "1.6.0",
        "caniuse-lite": "^1.0.30001406",
        "postcss": "8.4.14",
        "styled-jsx": "5.1.1"
      },
      "bin": {
        "next": "dist/bin/next"
      },
      "engines": {
        "node": ">=14.6.0"
      },
      "optionalDependencies": {
        "@next/swc-darwin-arm64": "13.2.5-canary.31",
        "@next/swc-darwin-x64": "13.2.5-canary.31",
        "@next/swc-linux-arm64-gnu": "13.2.5-canary.31",
        "@next/swc-linux-arm64-musl": "13.2.5-canary.31",
        "@next/swc-linux-x64-gnu": "13.2.5-canary.31",
        "@next/swc-linux-x64-musl": "13.2.5-canary.31",
        "@next/swc-win32-arm64-msvc": "13.2.5-canary.31",
        "@next/swc-win32-ia32-msvc": "13.2.5-canary.31",
        "@next/swc-win32-x64-msvc": "13.2.5-canary.31"
      },
      "peerDependencies": {
        "@opentelemetry/api": "^1.1.0",
        "fibers": ">= 3.1.0",
        "node-sass": "^6.0.0 || ^7.0.0",
        "react": "^18.2.0",
        "react-dom": "^18.2.0",
        "sass": "^1.3.0"
      },
      "peerDependenciesMeta": {
        "@opentelemetry/api": {
          "optional": true
        },
        "fibers": {
          "optional": true
        },
        "node-sass": {
          "optional": true
        },
        "sass": {
          "optional": true
        }
      }
    },
    "node_modules/picocolors": {
      "version": "1.0.0",
      "resolved": "https://registry.npmjs.org/picocolors/-/picocolors-1.0.0.tgz",
      "integrity": "sha512-1fygroTLlHu66zi26VoTDv8yRgm0Fccecssto+MhsZ0D/DGW2sm8E8AjW7NU5VVTRt5GxbeZ5qBuJr+HyLYkjQ=="
    },
    "node_modules/postcss": {
      "version": "8.4.14",
      "resolved": "https://registry.npmjs.org/postcss/-/postcss-8.4.14.tgz",
      "integrity": "sha512-E398TUmfAYFPBSdzgeieK2Y1+1cpdxJx8yXbK/m57nRhKSmk1GB2tO4lbLBtlkfPQTDKfe4Xqv1ASWPpayPEig==",
      "funding": [
        {
          "type": "opencollective",
          "url": "https://opencollective.com/postcss/"
        },
        {
          "type": "tidelift",
          "url": "https://tidelift.com/funding/github/npm/postcss"
        }
      ],
      "dependencies": {
        "nanoid": "^3.3.4",
        "picocolors": "^1.0.0",
        "source-map-js": "^1.0.2"
      },
      "engines": {
        "node": "^10 || ^12 || >=14"
      }
    },
    "node_modules/react": {
      "version": "18.2.0",
      "resolved": "https://registry.npmjs.org/react/-/react-18.2.0.tgz",
      "integrity": "sha512-/3IjMdb2L9QbBdWiW5e3P2/npwMBaU9mHCSCUzNln0ZCYbcfTsGbTJrU/kGemdH2IWmB2ioZ+zkxtmq6g09fGQ==",
      "dependencies": {
        "loose-envify": "^1.1.0"
      },
      "engines": {
        "node": ">=0.10.0"
      }
    },
    "node_modules/react-dom": {
      "version": "18.2.0",
      "resolved": "https://registry.npmjs.org/react-dom/-/react-dom-18.2.0.tgz",
      "integrity": "sha512-6IMTriUmvsjHUjNtEDudZfuDQUoWXVxKHhlEGSk81n4YFS+r/Kl99wXiwlVXtPBtJenozv2P+hxDsw9eA7Xo6g==",
      "dependencies": {
        "loose-envify": "^1.1.0",
        "scheduler": "^0.23.0"
      },
      "peerDependencies": {
        "react": "^18.2.0"
      }
    },
    "node_modules/scheduler": {
      "version": "0.23.0",
      "resolved": "https://registry.npmjs.org/scheduler/-/scheduler-0.23.0.tgz",
      "integrity": "sha512-CtuThmgHNg7zIZWAXi3AsyIzA3n4xx7aNyjwC2VJldO2LMVDhFK+63xGqq6CsJH4rTAt6/M+N4GhZiDYPx9eUw==",
      "dependencies": {
        "loose-envify": "^1.1.0"
      }
    },
    "node_modules/source-map-js": {
      "version": "1.0.2",
      "resolved": "https://registry.npmjs.org/source-map-js/-/source-map-js-1.0.2.tgz",
      "integrity": "sha512-R0XvVJ9WusLiqTCEiGCmICCMplcCkIwwR11mOSD9CR5u+IXYdiseeEuXCVAjS54zqwkLcPNnmU4OeJ6tUrWhDw==",
      "engines": {
        "node": ">=0.10.0"
      }
    },
    "node_modules/streamsearch": {
      "version": "1.1.0",
      "resolved": "https://registry.npmjs.org/streamsearch/-/streamsearch-1.1.0.tgz",
      "integrity": "sha512-Mcc5wHehp9aXz1ax6bZUyY5afg9u2rv5cqQI3mRrYkGC8rW2hM02jWuwjtL++LS5qinSyhj2QfLyNsuc+VsExg==",
      "engines": {
        "node": ">=10.0.0"
      }
    },
    "node_modules/styled-jsx": {
      "version": "5.1.1",
      "resolved": "https://registry.npmjs.org/styled-jsx/-/styled-jsx-5.1.1.tgz",
      "integrity": "sha512-pW7uC1l4mBZ8ugbiZrcIsiIvVx1UmTfw7UkC3Um2tmfUq9Bhk8IiyEIPl6F8agHgjzku6j0xQEZbfA5uSgSaCw==",
      "dependencies": {
        "client-only": "0.0.1"
      },
      "engines": {
        "node": ">= 12.0.0"
      },
      "peerDependencies": {
        "react": ">= 16.8.0 || 17.x.x || ^18.0.0-0"
      },
      "peerDependenciesMeta": {
        "@babel/core": {
          "optional": true
        },
        "babel-plugin-macros": {
          "optional": true
        }
      }
    },
    "node_modules/tslib": {
      "version": "2.5.0",
      "resolved": "https://registry.npmjs.org/tslib/-/tslib-2.5.0.tgz",
      "integrity": "sha512-336iVw3rtn2BUK7ORdIAHTyxHGRIHVReokCR3XjbckJMK7ms8FysBfhLR8IXnAgy7T0PTPNBWKiH514FOW/WSg=="
    },
    "node_modules/typescript": {
      "version": "4.9.3",
      "resolved": "https://registry.npmjs.org/typescript/-/typescript-4.9.3.tgz",
      "integrity": "sha512-CIfGzTelbKNEnLpLdGFgdyKhG23CKdKgQPOBc+OUNrkJ2vr+KSzsSV5kq5iWhEQbok+quxgGzrAtGWCyU7tHnA==",
      "bin": {
        "tsc": "bin/tsc",
        "tsserver": "bin/tsserver"
      },
      "engines": {
        "node": ">=4.2.0"
      }
    }
  },
  "dependencies": {
    "@next/env": {
      "version": "13.2.5-canary.31",
      "resolved": "https://registry.npmjs.org/@next/env/-/env-13.2.5-canary.31.tgz",
      "integrity": "sha512-FTKdKMhv7iDOguMY0Dn7SlzmvQTEQBKfKNLoiy5EttIlEGl4Of0U9E07NMkCsYaTFuy/IrVhfO8dgaj0mhtfjw=="
    },
    "@next/swc-darwin-arm64": {
      "version": "13.2.5-canary.31",
      "resolved": "https://registry.npmjs.org/@next/swc-darwin-arm64/-/swc-darwin-arm64-13.2.5-canary.31.tgz",
      "integrity": "sha512-2o8eI85+bVevT/LrDB2iyzFss4bqtvRb0wCFVPkubgUxK4A1dr7KuQiuCRhh9NvgZ6gBrn1j7U/a2kDFATbZBg==",
      "optional": true
    },
    "@next/swc-darwin-x64": {
      "version": "13.2.5-canary.31",
      "resolved": "https://registry.npmjs.org/@next/swc-darwin-x64/-/swc-darwin-x64-13.2.5-canary.31.tgz",
      "integrity": "sha512-6VwRAHos8AyEv0iefP7EhN58+fdxy3VV+fnBo+2jp77wcIrhnzbI7FW3SxgbahlcpoI3koArF896TiPaQl5xJQ==",
      "optional": true
    },
    "@next/swc-linux-arm64-gnu": {
      "version": "13.2.5-canary.31",
      "resolved": "https://registry.npmjs.org/@next/swc-linux-arm64-gnu/-/swc-linux-arm64-gnu-13.2.5-canary.31.tgz",
      "integrity": "sha512-3JaXh+atqqQRruoCEsO+KgQN8dHon3d82fH0XAjgmOLsHGuvknXCfQqt4zKPY8tjEdXktEqYUotBp21zX2tI6w==",
      "optional": true
    },
    "@next/swc-linux-arm64-musl": {
      "version": "13.2.5-canary.31",
      "resolved": "https://registry.npmjs.org/@next/swc-linux-arm64-musl/-/swc-linux-arm64-musl-13.2.5-canary.31.tgz",
      "integrity": "sha512-Y0jUz7qfzQrInFS87UYATwdYs6/icAv/YjtBkcp7aQextpRabvJOl4Nnqgudl4lKKjpMdfxVQmg3kPhau7WRDA==",
      "optional": true
    },
    "@next/swc-linux-x64-gnu": {
      "version": "13.2.5-canary.31",
      "resolved": "https://registry.npmjs.org/@next/swc-linux-x64-gnu/-/swc-linux-x64-gnu-13.2.5-canary.31.tgz",
      "integrity": "sha512-j3yKibMJsGoVrYnhUe11MvF55UaPLWdQAPpWyAIeTcWXOkE6id2X93aPYdqYISj/H7saXHeh05GygVWPtEXBZQ==",
      "optional": true
    },
    "@next/swc-linux-x64-musl": {
      "version": "13.2.5-canary.31",
      "resolved": "https://registry.npmjs.org/@next/swc-linux-x64-musl/-/swc-linux-x64-musl-13.2.5-canary.31.tgz",
      "integrity": "sha512-ni4LbL2+KVB3zNSejZgQn733XmSiGfAtg1sb8sFc4hsrNnUg8CgQKA6IBAIFK2gQELZbTwOWYC9fR5zGAvX2XA==",
      "optional": true
    },
    "@next/swc-win32-arm64-msvc": {
      "version": "13.2.5-canary.31",
      "resolved": "https://registry.npmjs.org/@next/swc-win32-arm64-msvc/-/swc-win32-arm64-msvc-13.2.5-canary.31.tgz",
      "integrity": "sha512-lsXjVnJ8g0v0WvEAmH3osEq9HxcA/7Ks6SrkGb2q56KYPsy16IKn10kVWwPQ4vKsVPfcosBwARzuC/lb+ojCWw==",
      "optional": true
    },
    "@next/swc-win32-ia32-msvc": {
      "version": "13.2.5-canary.31",
      "resolved": "https://registry.npmjs.org/@next/swc-win32-ia32-msvc/-/swc-win32-ia32-msvc-13.2.5-canary.31.tgz",
      "integrity": "sha512-Ysy15Km5qpKaLYeyxSf5zcFvQ+tKl28u8u3xiWrMSSzziOgx8dzV+8loULb2SnbTI/sovwpAGdh3no3Xonw21w==",
      "optional": true
    },
    "@next/swc-win32-x64-msvc": {
      "version": "13.2.5-canary.31",
      "resolved": "https://registry.npmjs.org/@next/swc-win32-x64-msvc/-/swc-win32-x64-msvc-13.2.5-canary.31.tgz",
      "integrity": "sha512-D0me8Mwf1NxTWVD8qD6KaqoG8itbGTI2FApkektA/8clMySGAFZBhDbZtY/2PbG8bKY1i3ZLkCIAF3iAHAYRtw==",
      "optional": true
    },
    "@swc/helpers": {
      "version": "0.4.14",
      "resolved": "https://registry.npmjs.org/@swc/helpers/-/helpers-0.4.14.tgz",
      "integrity": "sha512-4C7nX/dvpzB7za4Ql9K81xK3HPxCpHMgwTZVyf+9JQ6VUbn9jjZVN7/Nkdz/Ugzs2CSjqnL/UPXroiVBVHUWUw==",
      "requires": {
        "tslib": "^2.4.0"
      }
    },
    "@types/node": {
      "version": "18.11.9",
      "resolved": "https://registry.npmjs.org/@types/node/-/node-18.11.9.tgz",
      "integrity": "sha512-CRpX21/kGdzjOpFsZSkcrXMGIBWMGNIHXXBVFSH+ggkftxg+XYP20TESbh+zFvFj3EQOl5byk0HTRn1IL6hbqg=="
    },
    "@types/prop-types": {
      "version": "15.7.5",
      "resolved": "https://registry.npmjs.org/@types/prop-types/-/prop-types-15.7.5.tgz",
      "integrity": "sha512-JCB8C6SnDoQf0cNycqd/35A7MjcnK+ZTqE7judS6o7utxUCg6imJg3QK2qzHKszlTjcj2cn+NwMB2i96ubpj7w=="
    },
    "@types/react": {
      "version": "18.0.25",
      "resolved": "https://registry.npmjs.org/@types/react/-/react-18.0.25.tgz",
      "integrity": "sha512-xD6c0KDT4m7n9uD4ZHi02lzskaiqcBxf4zi+tXZY98a04wvc0hi/TcCPC2FOESZi51Nd7tlUeOJY8RofL799/g==",
      "requires": {
        "@types/prop-types": "*",
        "@types/scheduler": "*",
        "csstype": "^3.0.2"
      }
    },
    "@types/react-dom": {
      "version": "18.0.9",
      "resolved": "https://registry.npmjs.org/@types/react-dom/-/react-dom-18.0.9.tgz",
      "integrity": "sha512-qnVvHxASt/H7i+XG1U1xMiY5t+IHcPGUK7TDMDzom08xa7e86eCeKOiLZezwCKVxJn6NEiiy2ekgX8aQssjIKg==",
      "requires": {
        "@types/react": "*"
      }
    },
    "@types/scheduler": {
      "version": "0.16.2",
      "resolved": "https://registry.npmjs.org/@types/scheduler/-/scheduler-0.16.2.tgz",
      "integrity": "sha512-hppQEBDmlwhFAXKJX2KnWLYu5yMfi91yazPb2l+lbJiwW+wdo1gNeRA+3RgNSO39WYX2euey41KEwnqesU2Jew=="
    },
    "busboy": {
      "version": "1.6.0",
      "resolved": "https://registry.npmjs.org/busboy/-/busboy-1.6.0.tgz",
      "integrity": "sha512-8SFQbg/0hQ9xy3UNTB0YEnsNBbWfhf7RtnzpL7TkBiTBRfrQ9Fxcnz7VJsleJpyp6rVLvXiuORqjlHi5q+PYuA==",
      "requires": {
        "streamsearch": "^1.1.0"
      }
    },
    "caniuse-lite": {
      "version": "1.0.30001431",
      "resolved": "https://registry.npmjs.org/caniuse-lite/-/caniuse-lite-1.0.30001431.tgz",
      "integrity": "sha512-zBUoFU0ZcxpvSt9IU66dXVT/3ctO1cy4y9cscs1szkPlcWb6pasYM144GqrUygUbT+k7cmUCW61cvskjcv0enQ=="
    },
    "client-only": {
      "version": "0.0.1",
      "resolved": "https://registry.npmjs.org/client-only/-/client-only-0.0.1.tgz",
      "integrity": "sha512-IV3Ou0jSMzZrd3pZ48nLkT9DA7Ag1pnPzaiQhpW7c3RbcqqzvzzVu+L8gfqMp/8IM2MQtSiqaCxrrcfu8I8rMA=="
    },
    "csstype": {
      "version": "3.1.1",
      "resolved": "https://registry.npmjs.org/csstype/-/csstype-3.1.1.tgz",
      "integrity": "sha512-DJR/VvkAvSZW9bTouZue2sSxDwdTN92uHjqeKVm+0dAqdfNykRzQ95tay8aXMBAAPpUiq4Qcug2L7neoRh2Egw=="
    },
    "js-tokens": {
      "version": "4.0.0",
      "resolved": "https://registry.npmjs.org/js-tokens/-/js-tokens-4.0.0.tgz",
      "integrity": "sha512-RdJUflcE3cUzKiMqQgsCu06FPu9UdIJO0beYbPhHN4k6apgJtifcoCtT9bcxOpYBtpD2kCM6Sbzg4CausW/PKQ=="
    },
    "loose-envify": {
      "version": "1.4.0",
      "resolved": "https://registry.npmjs.org/loose-envify/-/loose-envify-1.4.0.tgz",
      "integrity": "sha512-lyuxPGr/Wfhrlem2CL/UcnUc1zcqKAImBDzukY7Y5F/yQiNdko6+fRLevlw1HgMySw7f611UIY408EtxRSoK3Q==",
      "requires": {
        "js-tokens": "^3.0.0 || ^4.0.0"
      }
    },
    "nanoid": {
      "version": "3.3.4",
      "resolved": "https://registry.npmjs.org/nanoid/-/nanoid-3.3.4.tgz",
      "integrity": "sha512-MqBkQh/OHTS2egovRtLk45wEyNXwF+cokD+1YPf9u5VfJiRdAiRwB2froX5Co9Rh20xs4siNPm8naNotSD6RBw=="
    },
    "next": {
      "version": "13.2.5-canary.31",
      "resolved": "https://registry.npmjs.org/next/-/next-13.2.5-canary.31.tgz",
      "integrity": "sha512-tXrhxBP9a+qd5PlpoBcl7nm+Zg8ahGcA/GhjK4N4ZBqoeOry9/4CvXeoZhTaXyK0KaMJcyuYg11bGRVNVbzFrA==",
      "requires": {
        "@next/env": "13.2.5-canary.31",
        "@next/swc-darwin-arm64": "13.2.5-canary.31",
        "@next/swc-darwin-x64": "13.2.5-canary.31",
        "@next/swc-linux-arm64-gnu": "13.2.5-canary.31",
        "@next/swc-linux-arm64-musl": "13.2.5-canary.31",
        "@next/swc-linux-x64-gnu": "13.2.5-canary.31",
        "@next/swc-linux-x64-musl": "13.2.5-canary.31",
        "@next/swc-win32-arm64-msvc": "13.2.5-canary.31",
        "@next/swc-win32-ia32-msvc": "13.2.5-canary.31",
        "@next/swc-win32-x64-msvc": "13.2.5-canary.31",
        "@swc/helpers": "0.4.14",
        "busboy": "1.6.0",
        "caniuse-lite": "^1.0.30001406",
        "postcss": "8.4.14",
        "styled-jsx": "5.1.1"
      }
    },
    "picocolors": {
      "version": "1.0.0",
      "resolved": "https://registry.npmjs.org/picocolors/-/picocolors-1.0.0.tgz",
      "integrity": "sha512-1fygroTLlHu66zi26VoTDv8yRgm0Fccecssto+MhsZ0D/DGW2sm8E8AjW7NU5VVTRt5GxbeZ5qBuJr+HyLYkjQ=="
    },
    "postcss": {
      "version": "8.4.14",
      "resolved": "https://registry.npmjs.org/postcss/-/postcss-8.4.14.tgz",
      "integrity": "sha512-E398TUmfAYFPBSdzgeieK2Y1+1cpdxJx8yXbK/m57nRhKSmk1GB2tO4lbLBtlkfPQTDKfe4Xqv1ASWPpayPEig==",
      "requires": {
        "nanoid": "^3.3.4",
        "picocolors": "^1.0.0",
        "source-map-js": "^1.0.2"
      }
    },
    "react": {
      "version": "18.2.0",
      "resolved": "https://registry.npmjs.org/react/-/react-18.2.0.tgz",
      "integrity": "sha512-/3IjMdb2L9QbBdWiW5e3P2/npwMBaU9mHCSCUzNln0ZCYbcfTsGbTJrU/kGemdH2IWmB2ioZ+zkxtmq6g09fGQ==",
      "requires": {
        "loose-envify": "^1.1.0"
      }
    },
    "react-dom": {
      "version": "18.2.0",
      "resolved": "https://registry.npmjs.org/react-dom/-/react-dom-18.2.0.tgz",
      "integrity": "sha512-6IMTriUmvsjHUjNtEDudZfuDQUoWXVxKHhlEGSk81n4YFS+r/Kl99wXiwlVXtPBtJenozv2P+hxDsw9eA7Xo6g==",
      "requires": {
        "loose-envify": "^1.1.0",
        "scheduler": "^0.23.0"
      }
    },
    "scheduler": {
      "version": "0.23.0",
      "resolved": "https://registry.npmjs.org/scheduler/-/scheduler-0.23.0.tgz",
      "integrity": "sha512-CtuThmgHNg7zIZWAXi3AsyIzA3n4xx7aNyjwC2VJldO2LMVDhFK+63xGqq6CsJH4rTAt6/M+N4GhZiDYPx9eUw==",
      "requires": {
        "loose-envify": "^1.1.0"
      }
    },
    "source-map-js": {
      "version": "1.0.2",
      "resolved": "https://registry.npmjs.org/source-map-js/-/source-map-js-1.0.2.tgz",
      "integrity": "sha512-R0XvVJ9WusLiqTCEiGCmICCMplcCkIwwR11mOSD9CR5u+IXYdiseeEuXCVAjS54zqwkLcPNnmU4OeJ6tUrWhDw=="
    },
    "streamsearch": {
      "version": "1.1.0",
      "resolved": "https://registry.npmjs.org/streamsearch/-/streamsearch-1.1.0.tgz",
      "integrity": "sha512-Mcc5wHehp9aXz1ax6bZUyY5afg9u2rv5cqQI3mRrYkGC8rW2hM02jWuwjtL++LS5qinSyhj2QfLyNsuc+VsExg=="
    },
    "styled-jsx": {
      "version": "5.1.1",
      "resolved": "https://registry.npmjs.org/styled-jsx/-/styled-jsx-5.1.1.tgz",
      "integrity": "sha512-pW7uC1l4mBZ8ugbiZrcIsiIvVx1UmTfw7UkC3Um2tmfUq9Bhk8IiyEIPl6F8agHgjzku6j0xQEZbfA5uSgSaCw==",
      "requires": {
        "client-only": "0.0.1"
      }
    },
    "tslib": {
      "version": "2.5.0",
      "resolved": "https://registry.npmjs.org/tslib/-/tslib-2.5.0.tgz",
      "integrity": "sha512-336iVw3rtn2BUK7ORdIAHTyxHGRIHVReokCR3XjbckJMK7ms8FysBfhLR8IXnAgy7T0PTPNBWKiH514FOW/WSg=="
    },
    "typescript": {
      "version": "4.9.3",
      "resolved": "https://registry.npmjs.org/typescript/-/typescript-4.9.3.tgz",
      "integrity": "sha512-CIfGzTelbKNEnLpLdGFgdyKhG23CKdKgQPOBc+OUNrkJ2vr+KSzsSV5kq5iWhEQbok+quxgGzrAtGWCyU7tHnA=="
    }
  }
}
